
Microsoft Visual Studio Solution File, Format Version 12.00
# Visual Studio Version 17
VisualStudioVersion = 17.8.34511.84
MinimumVisualStudioVersion = 10.0.40219.1
Project("{FAE04EC0-301F-11D3-BF4B-00C04F79EFBC}") = "NBAManagement", "NBAManagement\NBAManagement.csproj", "{CABF8E29-02AB-4C4F-A8E2-34CDDDE48B61}"
EndProject
Global
	GlobalSection(SolutionConfigurationPlatforms) = preSolution
		Debug|Any CPU = Debug|Any CPU
		Release|Any CPU = Release|Any CPU
	EndGlobalSection
	GlobalSection(ProjectConfigurationPlatforms) = postSolution
		{CABF8E29-02AB-4C4F-A8E2-34CDDDE48B61}.Debug|Any CPU.ActiveCfg = Debug|Any CPU
		{CABF8E29-02AB-4C4F-A8E2-34CDDDE48B61}.Debug|Any CPU.Build.0 = Debug|Any CPU
		{CABF8E29-02AB-4C4F-A8E2-34CDDDE48B61}.Release|Any CPU.ActiveCfg = Release|Any CPU
		{CABF8E29-02AB-4C4F-A8E2-34CDDDE48B61}.Release|Any CPU.Build.0 = Release|Any CPU
	EndGlobalSection
	GlobalSection(SolutionProperties) = preSolution
		HideSolutionNode = FALSE
	EndGlobalSection
	GlobalSection(ExtensibilityGlobals) = postSolution
		SolutionGuid = {781980B4-D390-488D-82AB-85DD390BD7A0}
	EndGlobalSection
EndGlobal
